
Microsoft Visual Studio Solution File, Format Version 12.00
# Visual Studio Version 17
VisualStudioVersion = 17.14.36127.28
MinimumVisualStudioVersion = 10.0.40219.1
Project("{FAE04EC0-301F-11D3-BF4B-00C04F79EFBC}") = "Projeto", "Projeto\Projeto.csproj", "{966ADF92-35F5-45B8-B494-507F39DA3953}"
EndProject
Project("{2150E333-8FDC-42A3-9474-1A3956D46DE8}") = "1-Api", "1-Api", "{02EA681E-C7D8-13C7-8484-4AC65E1B71E8}"
EndProject
Project("{2150E333-8FDC-42A3-9474-1A3956D46DE8}") = "3-Infraestrutura", "3-Infraestrutura", "{965F5993-4AAF-4DC0-967B-83A524829BD2}"
EndProject
Project("{2150E333-8FDC-42A3-9474-1A3956D46DE8}") = "4-Entidades", "4-Entidades", "{4C804B9B-C804-4977-B815-DCB1F004BD5C}"
EndProject
Project("{FAE04EC0-301F-11D3-BF4B-00C04F79EFBC}") = "Infraestrutura", "Infraestrutura\Infraestrutura.csproj", "{20929DBB-5F7A-4FAA-926C-1727F8190BDC}"
EndProject
Project("{FAE04EC0-301F-11D3-BF4B-00C04F79EFBC}") = "Entidades", "Entidades\Entidades.csproj", "{E143BE8A-94DC-462B-A231-3906B8A0CCF5}"
EndProject
Project("{2150E333-8FDC-42A3-9474-1A3956D46DE8}") = "5-Dominio", "5-Dominio", "{2416713F-D92E-4F24-B04B-D7530D71DC05}"
EndProject
Project("{2150E333-8FDC-42A3-9474-1A3956D46DE8}") = "Solution Items", "Solution Items", "{8EC462FD-D22E-90A8-E5CE-7E832BA40C5D}"
	ProjectSection(SolutionItems) = preProject
		appsettings.json = appsettings.json
	EndProjectSection
EndProject
Project("{2150E333-8FDC-42A3-9474-1A3956D46DE8}") = "2-Aplicacao", "2-Aplicacao", "{4F782557-23C1-47AB-8EB4-692976786BE1}"
EndProject
Project("{FAE04EC0-301F-11D3-BF4B-00C04F79EFBC}") = "Aplicacao", "Aplicacao\Aplicacao.csproj", "{D1398CB7-0E3E-4C9E-36DB-87BDDECFA589}"
EndProject
Project("{FAE04EC0-301F-11D3-BF4B-00C04F79EFBC}") = "Dominio", "Dominio\Dominio.csproj", "{12F3CF19-F88C-0774-969F-8840F52C7312}"
EndProject
Project("{FAE04EC0-301F-11D3-BF4B-00C04F79EFBC}") = "ApiUsuario", "ApiUsuario\ApiUsuario\Api\ApiUsuario\ApiUsuario.csproj", "{DD045E8E-B548-4B97-C6B4-B13EE765E186}"
EndProject
Project("{FAE04EC0-301F-11D3-BF4B-00C04F79EFBC}") = "Aplicacao", "ApiUsuario\ApiUsuario\Aplicacao\Aplicacao\Aplicacao.csproj", "{34A7B866-17D4-AA23-3EBB-AB55CBB2C71C}"
EndProject
Project("{FAE04EC0-301F-11D3-BF4B-00C04F79EFBC}") = "Dominio", "ApiUsuario\ApiUsuario\Dominio\Dominio\Dominio.csproj", "{81539B72-CE7F-F9EF-8C41-7E8C1234F66D}"
EndProject
Project("{FAE04EC0-301F-11D3-BF4B-00C04F79EFBC}") = "Entidades", "ApiUsuario\ApiUsuario\Entidade\Entidades\Entidades.csproj", "{7FD713CC-D070-6ED7-D9D7-93A057AF9EC4}"
EndProject
Project("{FAE04EC0-301F-11D3-BF4B-00C04F79EFBC}") = "Infraestrutura", "ApiUsuario\ApiUsuario\Infraestrutura\Infraestrutura\Infraestrutura.csproj", "{A9F5D810-CF39-4ED6-56D5-6C65B298440F}"
EndProject
Project("{2150E333-8FDC-42A3-9474-1A3956D46DE8}") = "UsuarioApi", "UsuarioApi", "{972439E2-0FFC-4883-A94A-073BA549C0DB}"
EndProject
Project("{2150E333-8FDC-42A3-9474-1A3956D46DE8}") = "2-Aplicacao", "2-Aplicacao", "{A6FF2818-DDE6-4BCE-BAB4-C74D2BF0AC4A}"
EndProject
Project("{2150E333-8FDC-42A3-9474-1A3956D46DE8}") = "3-Infraestrutura", "3-Infraestrutura", "{5653F5F8-D276-4FEC-8008-BE53B96CEA52}"
EndProject
Project("{2150E333-8FDC-42A3-9474-1A3956D46DE8}") = "4-Entidades", "4-Entidades", "{B4AE5CC7-8C1C-46EE-A67B-98DDD7966942}"
EndProject
Project("{2150E333-8FDC-42A3-9474-1A3956D46DE8}") = "5-Dominio", "5-Dominio", "{F7CBBED2-A186-4C85-B8B7-9CEE2B3B9D60}"
EndProject
Project("{2150E333-8FDC-42A3-9474-1A3956D46DE8}") = "1-API", "1-API", "{3419CBD3-0F5E-491F-8984-A723D241477B}"
EndProject
Global
	GlobalSection(SolutionConfigurationPlatforms) = preSolution
		Debug|Any CPU = Debug|Any CPU
		Release|Any CPU = Release|Any CPU
	EndGlobalSection
	GlobalSection(ProjectConfigurationPlatforms) = postSolution
		{966ADF92-35F5-45B8-B494-507F39DA3953}.Debug|Any CPU.ActiveCfg = Debug|Any CPU
		{966ADF92-35F5-45B8-B494-507F39DA3953}.Debug|Any CPU.Build.0 = Debug|Any CPU
		{966ADF92-35F5-45B8-B494-507F39DA3953}.Release|Any CPU.ActiveCfg = Release|Any CPU
		{966ADF92-35F5-45B8-B494-507F39DA3953}.Release|Any CPU.Build.0 = Release|Any CPU
		{20929DBB-5F7A-4FAA-926C-1727F8190BDC}.Debug|Any CPU.ActiveCfg = Debug|Any CPU
		{20929DBB-5F7A-4FAA-926C-1727F8190BDC}.Debug|Any CPU.Build.0 = Debug|Any CPU
		{20929DBB-5F7A-4FAA-926C-1727F8190BDC}.Release|Any CPU.ActiveCfg = Release|Any CPU
		{20929DBB-5F7A-4FAA-926C-1727F8190BDC}.Release|Any CPU.Build.0 = Release|Any CPU
		{E143BE8A-94DC-462B-A231-3906B8A0CCF5}.Debug|Any CPU.ActiveCfg = Debug|Any CPU
		{E143BE8A-94DC-462B-A231-3906B8A0CCF5}.Debug|Any CPU.Build.0 = Debug|Any CPU
		{E143BE8A-94DC-462B-A231-3906B8A0CCF5}.Release|Any CPU.ActiveCfg = Release|Any CPU
		{E143BE8A-94DC-462B-A231-3906B8A0CCF5}.Release|Any CPU.Build.0 = Release|Any CPU
		{D1398CB7-0E3E-4C9E-36DB-87BDDECFA589}.Debug|Any CPU.ActiveCfg = Debug|Any CPU
		{D1398CB7-0E3E-4C9E-36DB-87BDDECFA589}.Debug|Any CPU.Build.0 = Debug|Any CPU
		{D1398CB7-0E3E-4C9E-36DB-87BDDECFA589}.Release|Any CPU.ActiveCfg = Release|Any CPU
		{D1398CB7-0E3E-4C9E-36DB-87BDDECFA589}.Release|Any CPU.Build.0 = Release|Any CPU
		{12F3CF19-F88C-0774-969F-8840F52C7312}.Debug|Any CPU.ActiveCfg = Debug|Any CPU
		{12F3CF19-F88C-0774-969F-8840F52C7312}.Debug|Any CPU.Build.0 = Debug|Any CPU
		{12F3CF19-F88C-0774-969F-8840F52C7312}.Release|Any CPU.ActiveCfg = Release|Any CPU
		{12F3CF19-F88C-0774-969F-8840F52C7312}.Release|Any CPU.Build.0 = Release|Any CPU
		{DD045E8E-B548-4B97-C6B4-B13EE765E186}.Debug|Any CPU.ActiveCfg = Debug|Any CPU
		{DD045E8E-B548-4B97-C6B4-B13EE765E186}.Debug|Any CPU.Build.0 = Debug|Any CPU
		{DD045E8E-B548-4B97-C6B4-B13EE765E186}.Release|Any CPU.ActiveCfg = Release|Any CPU
		{DD045E8E-B548-4B97-C6B4-B13EE765E186}.Release|Any CPU.Build.0 = Release|Any CPU
		{34A7B866-17D4-AA23-3EBB-AB55CBB2C71C}.Debug|Any CPU.ActiveCfg = Debug|Any CPU
		{34A7B866-17D4-AA23-3EBB-AB55CBB2C71C}.Debug|Any CPU.Build.0 = Debug|Any CPU
		{34A7B866-17D4-AA23-3EBB-AB55CBB2C71C}.Release|Any CPU.ActiveCfg = Release|Any CPU
		{34A7B866-17D4-AA23-3EBB-AB55CBB2C71C}.Release|Any CPU.Build.0 = Release|Any CPU
		{81539B72-CE7F-F9EF-8C41-7E8C1234F66D}.Debug|Any CPU.ActiveCfg = Debug|Any CPU
		{81539B72-CE7F-F9EF-8C41-7E8C1234F66D}.Debug|Any CPU.Build.0 = Debug|Any CPU
		{81539B72-CE7F-F9EF-8C41-7E8C1234F66D}.Release|Any CPU.ActiveCfg = Release|Any CPU
		{81539B72-CE7F-F9EF-8C41-7E8C1234F66D}.Release|Any CPU.Build.0 = Release|Any CPU
		{7FD713CC-D070-6ED7-D9D7-93A057AF9EC4}.Debug|Any CPU.ActiveCfg = Debug|Any CPU
		{7FD713CC-D070-6ED7-D9D7-93A057AF9EC4}.Debug|Any CPU.Build.0 = Debug|Any CPU
		{7FD713CC-D070-6ED7-D9D7-93A057AF9EC4}.Release|Any CPU.ActiveCfg = Release|Any CPU
		{7FD713CC-D070-6ED7-D9D7-93A057AF9EC4}.Release|Any CPU.Build.0 = Release|Any CPU
		{A9F5D810-CF39-4ED6-56D5-6C65B298440F}.Debug|Any CPU.ActiveCfg = Debug|Any CPU
		{A9F5D810-CF39-4ED6-56D5-6C65B298440F}.Debug|Any CPU.Build.0 = Debug|Any CPU
		{A9F5D810-CF39-4ED6-56D5-6C65B298440F}.Release|Any CPU.ActiveCfg = Release|Any CPU
		{A9F5D810-CF39-4ED6-56D5-6C65B298440F}.Release|Any CPU.Build.0 = Release|Any CPU
	EndGlobalSection
	GlobalSection(SolutionProperties) = preSolution
		HideSolutionNode = FALSE
	EndGlobalSection
	GlobalSection(NestedProjects) = preSolution
		{966ADF92-35F5-45B8-B494-507F39DA3953} = {02EA681E-C7D8-13C7-8484-4AC65E1B71E8}
		{20929DBB-5F7A-4FAA-926C-1727F8190BDC} = {965F5993-4AAF-4DC0-967B-83A524829BD2}
		{E143BE8A-94DC-462B-A231-3906B8A0CCF5} = {4C804B9B-C804-4977-B815-DCB1F004BD5C}
		{D1398CB7-0E3E-4C9E-36DB-87BDDECFA589} = {4F782557-23C1-47AB-8EB4-692976786BE1}
		{12F3CF19-F88C-0774-969F-8840F52C7312} = {2416713F-D92E-4F24-B04B-D7530D71DC05}
		{DD045E8E-B548-4B97-C6B4-B13EE765E186} = {3419CBD3-0F5E-491F-8984-A723D241477B}
		{34A7B866-17D4-AA23-3EBB-AB55CBB2C71C} = {A6FF2818-DDE6-4BCE-BAB4-C74D2BF0AC4A}
		{81539B72-CE7F-F9EF-8C41-7E8C1234F66D} = {F7CBBED2-A186-4C85-B8B7-9CEE2B3B9D60}
		{7FD713CC-D070-6ED7-D9D7-93A057AF9EC4} = {B4AE5CC7-8C1C-46EE-A67B-98DDD7966942}
		{A9F5D810-CF39-4ED6-56D5-6C65B298440F} = {5653F5F8-D276-4FEC-8008-BE53B96CEA52}
		{A6FF2818-DDE6-4BCE-BAB4-C74D2BF0AC4A} = {972439E2-0FFC-4883-A94A-073BA549C0DB}
		{5653F5F8-D276-4FEC-8008-BE53B96CEA52} = {972439E2-0FFC-4883-A94A-073BA549C0DB}
		{B4AE5CC7-8C1C-46EE-A67B-98DDD7966942} = {972439E2-0FFC-4883-A94A-073BA549C0DB}
		{F7CBBED2-A186-4C85-B8B7-9CEE2B3B9D60} = {972439E2-0FFC-4883-A94A-073BA549C0DB}
		{3419CBD3-0F5E-491F-8984-A723D241477B} = {972439E2-0FFC-4883-A94A-073BA549C0DB}
	EndGlobalSection
	GlobalSection(ExtensibilityGlobals) = postSolution
		SolutionGuid = {2CEE12DD-D05A-4BF2-8F37-82CAA4810082}
	EndGlobalSection
EndGlobal
