
Microsoft Visual Studio Solution File, Format Version 12.00
# Visual Studio Version 17
VisualStudioVersion = 17.14.36127.28
MinimumVisualStudioVersion = 10.0.40219.1
Project("{FAE04EC0-301F-11D3-BF4B-00C04F79EFBC}") = "Projeto", "Projeto\Projeto.csproj", "{966ADF92-35F5-45B8-B494-507F39DA3953}"
EndProject
Project("{2150E333-8FDC-42A3-9474-1A3956D46DE8}") = "1-Api", "1-Api", "{02EA681E-C7D8-13C7-8484-4AC65E1B71E8}"
EndProject
Project("{2150E333-8FDC-42A3-9474-1A3956D46DE8}") = "3-Infraestrutura", "3-Infraestrutura", "{965F5993-4AAF-4DC0-967B-83A524829BD2}"
EndProject
Project("{2150E333-8FDC-42A3-9474-1A3956D46DE8}") = "4-Entidades", "4-Entidades", "{4C804B9B-C804-4977-B815-DCB1F004BD5C}"
EndProject
Project("{FAE04EC0-301F-11D3-BF4B-00C04F79EFBC}") = "Infraestrutura", "Infraestrutura\Infraestrutura.csproj", "{20929DBB-5F7A-4FAA-926C-1727F8190BDC}"
EndProject
Project("{FAE04EC0-301F-11D3-BF4B-00C04F79EFBC}") = "Entidades", "Entidades\Entidades.csproj", "{E143BE8A-94DC-462B-A231-3906B8A0CCF5}"
EndProject
Project("{2150E333-8FDC-42A3-9474-1A3956D46DE8}") = "5-Dominio", "5-Dominio", "{2416713F-D92E-4F24-B04B-D7530D71DC05}"
EndProject
Project("{FAE04EC0-301F-11D3-BF4B-00C04F79EFBC}") = "Dominio", "Dominio\Dominio.csproj", "{0A0C97C8-80B6-4986-9E4B-85C85F979504}"
EndProject
Project("{2150E333-8FDC-42A3-9474-1A3956D46DE8}") = "Solution Items", "Solution Items", "{8EC462FD-D22E-90A8-E5CE-7E832BA40C5D}"
	ProjectSection(SolutionItems) = preProject
		appsettings.json = appsettings.json
	EndProjectSection
EndProject
Project("{2150E333-8FDC-42A3-9474-1A3956D46DE8}") = "SqlFile", "SqlFile", "{3B295FB3-DE7B-4232-A1EA-7F6550473C02}"
	ProjectSection(SolutionItems) = preProject
		Job_Create.sql = Job_Create.sql
		Job__Create.sql = Job__Create.sql
		..\SQLAlterarProcedureGetCalendario.sql = ..\SQLAlterarProcedureGetCalendario.sql
		..\SQLQuery3.sql = ..\SQLQuery3.sql
		SqlQuery_1.sql = SqlQuery_1.sql
	EndProjectSection
EndProject
Project("{2150E333-8FDC-42A3-9474-1A3956D46DE8}") = "2-Aplicacao", "2-Aplicacao", "{4D618AAA-CA50-4811-9247-F5CC3741A817}"
EndProject
Project("{FAE04EC0-301F-11D3-BF4B-00C04F79EFBC}") = "Aplicacao", "Aplicacao\Aplicacao.csproj", "{DA8FC147-3AE9-4E10-9E15-E08216A4226E}"
EndProject
Project("{2150E333-8FDC-42A3-9474-1A3956D46DE8}") = "ApiUsuario", "ApiUsuario", "{A8C7FA22-0FC3-4DA7-A21B-5B6F4D0E8291}"
EndProject
Project("{2150E333-8FDC-42A3-9474-1A3956D46DE8}") = "1-Api", "1-Api", "{CB94EF76-8EAA-4B2C-968A-4F21D6D9F73D}"
EndProject
Project("{2150E333-8FDC-42A3-9474-1A3956D46DE8}") = "2-Aplicacao", "2-Aplicacao", "{34A393B6-9D51-44E0-BE35-B5C64E5B1FBF}"
EndProject
Project("{2150E333-8FDC-42A3-9474-1A3956D46DE8}") = "3-Infraestrutura", "3-Infraestrutura", "{B6935BC9-5C54-49AF-8763-05528D906528}"
EndProject
Project("{2150E333-8FDC-42A3-9474-1A3956D46DE8}") = "4-Entidades", "4-Entidades", "{72D0737A-A664-40B0-86A1-FA1D2B870140}"
EndProject
Project("{2150E333-8FDC-42A3-9474-1A3956D46DE8}") = "5-Dominio", "5-Dominio", "{192DD3AA-9AB8-4C96-BD06-01545DD11512}"
EndProject
Project("{FAE04EC0-301F-11D3-BF4B-00C04F79EFBC}") = "ApiUsuario", "ApiUsuario\ApiUsuario\Api\ApiUsuario\ApiUsuario.csproj", "{C224215C-15D3-4F57-9287-EB75DA12BE19}"
EndProject
Project("{FAE04EC0-301F-11D3-BF4B-00C04F79EFBC}") = "Aplicacao", "ApiUsuario\ApiUsuario\Aplicacao\Aplicacao\Aplicacao.csproj", "{33B5E57F-1C97-4489-8E7C-3837DAC6A16C}"
EndProject
Project("{FAE04EC0-301F-11D3-BF4B-00C04F79EFBC}") = "Infraestrutura", "ApiUsuario\ApiUsuario\Infraestrutura\Infraestrutura\Infraestrutura.csproj", "{8C8420CA-19E5-4D43-A5CE-25D7E1D213E4}"
EndProject
Project("{FAE04EC0-301F-11D3-BF4B-00C04F79EFBC}") = "Entidades", "ApiUsuario\ApiUsuario\Entidade\Entidades\Entidades.csproj", "{81724CE2-E9B5-48F2-ABA1-99CF06B5498D}"
EndProject
Project("{FAE04EC0-301F-11D3-BF4B-00C04F79EFBC}") = "Dominio", "ApiUsuario\ApiUsuario\Dominio\Dominio\Dominio.csproj", "{488DA899-143E-484B-84E5-D9C8CA3896D9}"
EndProject
Global
	GlobalSection(SolutionConfigurationPlatforms) = preSolution
		Debug|Any CPU = Debug|Any CPU
		Release|Any CPU = Release|Any CPU
	EndGlobalSection
	GlobalSection(ProjectConfigurationPlatforms) = postSolution
		{966ADF92-35F5-45B8-B494-507F39DA3953}.Debug|Any CPU.ActiveCfg = Debug|Any CPU
		{966ADF92-35F5-45B8-B494-507F39DA3953}.Debug|Any CPU.Build.0 = Debug|Any CPU
		{966ADF92-35F5-45B8-B494-507F39DA3953}.Release|Any CPU.ActiveCfg = Release|Any CPU
		{966ADF92-35F5-45B8-B494-507F39DA3953}.Release|Any CPU.Build.0 = Release|Any CPU
		{20929DBB-5F7A-4FAA-926C-1727F8190BDC}.Debug|Any CPU.ActiveCfg = Debug|Any CPU
		{20929DBB-5F7A-4FAA-926C-1727F8190BDC}.Debug|Any CPU.Build.0 = Debug|Any CPU
		{20929DBB-5F7A-4FAA-926C-1727F8190BDC}.Release|Any CPU.ActiveCfg = Release|Any CPU
		{20929DBB-5F7A-4FAA-926C-1727F8190BDC}.Release|Any CPU.Build.0 = Release|Any CPU
		{E143BE8A-94DC-462B-A231-3906B8A0CCF5}.Debug|Any CPU.ActiveCfg = Debug|Any CPU
		{E143BE8A-94DC-462B-A231-3906B8A0CCF5}.Debug|Any CPU.Build.0 = Debug|Any CPU
		{E143BE8A-94DC-462B-A231-3906B8A0CCF5}.Release|Any CPU.ActiveCfg = Release|Any CPU
		{E143BE8A-94DC-462B-A231-3906B8A0CCF5}.Release|Any CPU.Build.0 = Release|Any CPU
		{0A0C97C8-80B6-4986-9E4B-85C85F979504}.Debug|Any CPU.ActiveCfg = Debug|Any CPU
		{0A0C97C8-80B6-4986-9E4B-85C85F979504}.Debug|Any CPU.Build.0 = Debug|Any CPU
		{0A0C97C8-80B6-4986-9E4B-85C85F979504}.Release|Any CPU.ActiveCfg = Release|Any CPU
		{0A0C97C8-80B6-4986-9E4B-85C85F979504}.Release|Any CPU.Build.0 = Release|Any CPU
		{DA8FC147-3AE9-4E10-9E15-E08216A4226E}.Debug|Any CPU.ActiveCfg = Debug|Any CPU
		{DA8FC147-3AE9-4E10-9E15-E08216A4226E}.Debug|Any CPU.Build.0 = Debug|Any CPU
		{DA8FC147-3AE9-4E10-9E15-E08216A4226E}.Release|Any CPU.ActiveCfg = Release|Any CPU
		{DA8FC147-3AE9-4E10-9E15-E08216A4226E}.Release|Any CPU.Build.0 = Release|Any CPU
		{C224215C-15D3-4F57-9287-EB75DA12BE19}.Debug|Any CPU.ActiveCfg = Debug|Any CPU
		{C224215C-15D3-4F57-9287-EB75DA12BE19}.Debug|Any CPU.Build.0 = Debug|Any CPU
		{C224215C-15D3-4F57-9287-EB75DA12BE19}.Release|Any CPU.ActiveCfg = Release|Any CPU
		{C224215C-15D3-4F57-9287-EB75DA12BE19}.Release|Any CPU.Build.0 = Release|Any CPU
		{33B5E57F-1C97-4489-8E7C-3837DAC6A16C}.Debug|Any CPU.ActiveCfg = Debug|Any CPU
		{33B5E57F-1C97-4489-8E7C-3837DAC6A16C}.Debug|Any CPU.Build.0 = Debug|Any CPU
		{33B5E57F-1C97-4489-8E7C-3837DAC6A16C}.Release|Any CPU.ActiveCfg = Release|Any CPU
		{33B5E57F-1C97-4489-8E7C-3837DAC6A16C}.Release|Any CPU.Build.0 = Release|Any CPU
		{8C8420CA-19E5-4D43-A5CE-25D7E1D213E4}.Debug|Any CPU.ActiveCfg = Debug|Any CPU
		{8C8420CA-19E5-4D43-A5CE-25D7E1D213E4}.Debug|Any CPU.Build.0 = Debug|Any CPU
		{8C8420CA-19E5-4D43-A5CE-25D7E1D213E4}.Release|Any CPU.ActiveCfg = Release|Any CPU
		{8C8420CA-19E5-4D43-A5CE-25D7E1D213E4}.Release|Any CPU.Build.0 = Release|Any CPU
		{81724CE2-E9B5-48F2-ABA1-99CF06B5498D}.Debug|Any CPU.ActiveCfg = Debug|Any CPU
		{81724CE2-E9B5-48F2-ABA1-99CF06B5498D}.Debug|Any CPU.Build.0 = Debug|Any CPU
		{81724CE2-E9B5-48F2-ABA1-99CF06B5498D}.Release|Any CPU.ActiveCfg = Release|Any CPU
		{81724CE2-E9B5-48F2-ABA1-99CF06B5498D}.Release|Any CPU.Build.0 = Release|Any CPU
		{488DA899-143E-484B-84E5-D9C8CA3896D9}.Debug|Any CPU.ActiveCfg = Debug|Any CPU
		{488DA899-143E-484B-84E5-D9C8CA3896D9}.Debug|Any CPU.Build.0 = Debug|Any CPU
		{488DA899-143E-484B-84E5-D9C8CA3896D9}.Release|Any CPU.ActiveCfg = Release|Any CPU
		{488DA899-143E-484B-84E5-D9C8CA3896D9}.Release|Any CPU.Build.0 = Release|Any CPU
	EndGlobalSection
	GlobalSection(SolutionProperties) = preSolution
		HideSolutionNode = FALSE
	EndGlobalSection
	GlobalSection(NestedProjects) = preSolution
		{966ADF92-35F5-45B8-B494-507F39DA3953} = {02EA681E-C7D8-13C7-8484-4AC65E1B71E8}
		{20929DBB-5F7A-4FAA-926C-1727F8190BDC} = {965F5993-4AAF-4DC0-967B-83A524829BD2}
		{E143BE8A-94DC-462B-A231-3906B8A0CCF5} = {4C804B9B-C804-4977-B815-DCB1F004BD5C}
		{0A0C97C8-80B6-4986-9E4B-85C85F979504} = {2416713F-D92E-4F24-B04B-D7530D71DC05}
		{DA8FC147-3AE9-4E10-9E15-E08216A4226E} = {4D618AAA-CA50-4811-9247-F5CC3741A817}
		{CB94EF76-8EAA-4B2C-968A-4F21D6D9F73D} = {A8C7FA22-0FC3-4DA7-A21B-5B6F4D0E8291}
		{34A393B6-9D51-44E0-BE35-B5C64E5B1FBF} = {A8C7FA22-0FC3-4DA7-A21B-5B6F4D0E8291}
		{B6935BC9-5C54-49AF-8763-05528D906528} = {A8C7FA22-0FC3-4DA7-A21B-5B6F4D0E8291}
		{72D0737A-A664-40B0-86A1-FA1D2B870140} = {A8C7FA22-0FC3-4DA7-A21B-5B6F4D0E8291}
		{192DD3AA-9AB8-4C96-BD06-01545DD11512} = {A8C7FA22-0FC3-4DA7-A21B-5B6F4D0E8291}
		{C224215C-15D3-4F57-9287-EB75DA12BE19} = {CB94EF76-8EAA-4B2C-968A-4F21D6D9F73D}
		{33B5E57F-1C97-4489-8E7C-3837DAC6A16C} = {34A393B6-9D51-44E0-BE35-B5C64E5B1FBF}
		{8C8420CA-19E5-4D43-A5CE-25D7E1D213E4} = {B6935BC9-5C54-49AF-8763-05528D906528}
		{81724CE2-E9B5-48F2-ABA1-99CF06B5498D} = {72D0737A-A664-40B0-86A1-FA1D2B870140}
		{488DA899-143E-484B-84E5-D9C8CA3896D9} = {192DD3AA-9AB8-4C96-BD06-01545DD11512}
	EndGlobalSection
	GlobalSection(ExtensibilityGlobals) = postSolution
		SolutionGuid = {2CEE12DD-D05A-4BF2-8F37-82CAA4810082}
	EndGlobalSection
EndGlobal
